{
  "name": "ngx-moment-tz-picker",
  "version": "0.0.1",
  "lockfileVersion": 1,
  "requires": true,
  "dependencies": {
    "@angular/material": {
      "version": "7.3.7",
      "resolved": "https://registry.npmjs.org/@angular/material/-/material-7.3.7.tgz",
      "integrity": "sha512-Eq+7frkeNGkLOfEtmkmJgR+AgoWajOipXZWWfCSamNfpCcPof82DwvGOpAmgGni9FuN2XFQdqP5MoaffQzIvUA==",
      "requires": {
        "tslib": "^1.7.1"
      }
    },
    "@angular/material-moment-adapter": {
      "version": "9.1.0",
      "resolved": "https://registry.npmjs.org/@angular/material-moment-adapter/-/material-moment-adapter-9.1.0.tgz",
      "integrity": "sha512-wxtya9ddZU3GGOKeIHFKbdGgTrmzO2QnXWs1v8/27GXe0fyO4HOJJRT1gX7TTFMZS7t16SntprVvHVd6VT6M8w=="
    },
    "moment": {
      "version": "2.24.0",
      "resolved": "https://registry.npmjs.org/moment/-/moment-2.24.0.tgz",
      "integrity": "sha512-bV7f+6l2QigeBBZSM/6yTNq4P2fNpSWj/0e7jQcy87A8e7o2nAfP/34/2ky5Vw4B9S446EtIhodAzkFCcR4dQg=="
    },
    "moment-timezone": {
      "version": "0.5.28",
      "resolved": "https://registry.npmjs.org/moment-timezone/-/moment-timezone-0.5.28.tgz",
      "integrity": "sha512-TDJkZvAyKIVWg5EtVqRzU97w0Rb0YVbfpqyjgu6GwXCAohVRqwZjf4fOzDE6p1Ch98Sro/8hQQi65WDXW5STPw==",
      "requires": {
        "moment": ">= 2.9.0"
      }
    },
    "tslib": {
      "version": "1.11.0",
      "resolved": "https://registry.npmjs.org/tslib/-/tslib-1.11.0.tgz",
      "integrity": "sha512-BmndXUtiTn/VDDrJzQE7Mm22Ix3PxgLltW9bSNLoeCY31gnG2OPx0QqJnuc9oMIKioYrz487i6K9o4Pdn0j+Kg=="
    }
  }
}
